PODS:
  - IQKeyboardManagerSwift (6.0.4)

DEPENDENCIES:
  - IQKeyboardManagerSwift (= 6.0.4)

SPEC REPOS:
  https://github.com/cocoapods/specs.git:
    - IQKeyboardManagerSwift

SPEC CHECKSUMS:
  IQKeyboardManagerSwift: 36dbe324b4f9793f5f41ba5227f3e7c76dfefd50

PODFILE CHECKSUM: 15104df130ac98137e37481c938cf0b553e46d8e

COCOAPODS: 1.7.3
