// !$*UTF8*$!
{
	archiveVersion = 1;
	classes = {
	};
	objectVersion = 50;
	objects = {

/* Begin PBXBuildFile section */
		7816C264237963C400D8747F /* AppDelegate.swift in Sources */ = {isa = PBXBuildFile; fileRef = 7816C263237963C400D8747F /* AppDelegate.swift */; };
		7816C266237963C400D8747F /* ViewController.swift in Sources */ = {isa = PBXBuildFile; fileRef = 7816C265237963C400D8747F /* ViewController.swift */; };
		7816C269237963C400D8747F /* Main.storyboard in Resources */ = {isa = PBXBuildFile; fileRef = 7816C267237963C400D8747F /* Main.storyboard */; };
		7816C26B237963C600D8747F /* Assets.xcassets in Resources */ = {isa = PBXBuildFile; fileRef = 7816C26A237963C600D8747F /* Assets.xcassets */; };
		7816C26E237963C600D8747F /* LaunchScreen.storyboard in Resources */ = {isa = PBXBuildFile; fileRef = 7816C26C237963C600D8747F /* LaunchScreen.storyboard */; };
		7816C279237963C600D8747F /* practiceAtoBTests.swift in Sources */ = {isa = PBXBuildFile; fileRef = 7816C278237963C600D8747F /* practiceAtoBTests.swift */; };
		7816C284237963C600D8747F /* practiceAtoBUITests.swift in Sources */ = {isa = PBXBuildFile; fileRef = 7816C283237963C600D8747F /* practiceAtoBUITests.swift */; };
		7816C2922379645700D8747F /* sc.swift in Sources */ = {isa = PBXBuildFile; fileRef = 7816C2912379645700D8747F /* sc.swift */; };
/* End PBXBuildFile section */

/* Begin PBXContainerItemProxy section */
		7816C275237963C600D8747F /* PBXContainerItemProxy */ = {
			isa = PBXContainerItemProxy;
			containerPortal = 7816C258237963C300D8747F /* Project object */;
			proxyType = 1;
			remoteGlobalIDString = 7816C25F237963C400D8747F;
			remoteInfo = practiceAtoB;
		};
		7816C280237963C600D8747F /* PBXContainerItemProxy */ = {
			isa = PBXContainerItemProxy;
			containerPortal = 7816C258237963C300D8747F /* Project object */;
			proxyType = 1;
			remoteGlobalIDString = 7816C25F237963C400D8747F;
			remoteInfo = practiceAtoB;
		};
/* End PBXContainerItemProxy section */

/* Begin PBXFileReference section */
		7816C260237963C400D8747F /* practiceAtoB.app */ = {isa = PBXFileReference; explicitFileType = wrapper.application; includeInIndex = 0; path = practiceAtoB.app; sourceTree = BUILT_PRODUCTS_DIR; };
		7816C263237963C400D8747F /* AppDelegate.swift */ = {isa = PBXFileReference; lastKnownFileType = sourcecode.swift; path = AppDelegate.swift; sourceTree = "<group>"; };
		7816C265237963C400D8747F /* ViewController.swift */ = {isa = PBXFileReference; lastKnownFileType = sourcecode.swift; path = ViewController.swift; sourceTree = "<group>"; };
		7816C268237963C400D8747F /* Base */ = {isa = PBXFileReference; lastKnownFileType = file.storyboard; name = Base; path = Base.lproj/Main.storyboard; sourceTree = "<group>"; };
		7816C26A237963C600D8747F /* Assets.xcassets */ = {isa = PBXFileReference; lastKnownFileType = folder.assetcatalog; path = Assets.xcassets; sourceTree = "<group>"; };
		7816C26D237963C600D8747F /* Base */ = {isa = PBXFileReference; lastKnownFileType = file.storyboard; name = Base; path = Base.lproj/LaunchScreen.storyboard; sourceTree = "<group>"; };
		7816C26F237963C600D8747F /* Info.plist */ = {isa = PBXFileReference; lastKnownFileType = text.plist.xml; path = Info.plist; sourceTree = "<group>"; };
		7816C274237963C600D8747F /* practiceAtoBTests.xctest */ = {isa = PBXFileReference; explicitFileType = wrapper.cfbundle; includeInIndex = 0; path = practiceAtoBTests.xctest; sourceTree = BUILT_PRODUCTS_DIR; };
		7816C278237963C600D8747F /* practiceAtoBTests.swift */ = {isa = PBXFileReference; lastKnownFileType = sourcecode.swift; path = practiceAtoBTests.swift; sourceTree = "<group>"; };
		7816C27A237963C600D8747F /* Info.plist */ = {isa = PBXFileReference; lastKnownFileType = text.plist.xml; path = Info.plist; sourceTree = "<group>"; };
		7816C27F237963C600D8747F /* practiceAtoBUITests.xctest */ = {isa = PBXFileReference; explicitFileType = wrapper.cfbundle; includeInIndex = 0; path = practiceAtoBUITests.xctest; sourceTree = BUILT_PRODUCTS_DIR; };
		7816C283237963C600D8747F /* practiceAtoBUITests.swift */ = {isa = PBXFileReference; lastKnownFileType = sourcecode.swift; path = practiceAtoBUITests.swift; sourceTree = "<group>"; };
		7816C285237963C600D8747F /* Info.plist */ = {isa = PBXFileReference; lastKnownFileType = text.plist.xml; path = Info.plist; sourceTree = "<group>"; };
		7816C2912379645700D8747F /* sc.swift */ = {isa = PBXFileReference; lastKnownFileType = sourcecode.swift; path = sc.swift; sourceTree = "<group>"; };
/* End PBXFileReference section */

/* Begin PBXFrameworksBuildPhase section */
		7816C25D237963C400D8747F /* Frameworks */ = {
			isa = PBXFrameworksBuildPhase;
			buildActionMask = 2147483647;
			files = (
			);
			runOnlyForDeploymentPostprocessing = 0;
		};
		7816C271237963C600D8747F /* Frameworks */ = {
			isa = PBXFrameworksBuildPhase;
			buildActionMask = 2147483647;
			files = (
			);
			runOnlyForDeploymentPostprocessing = 0;
		};
		7816C27C237963C600D8747F /* Frameworks */ = {
			isa = PBXFrameworksBuildPhase;
			buildActionMask = 2147483647;
			files = (
			);
			runOnlyForDeploymentPostprocessing = 0;
		};
/* End PBXFrameworksBuildPhase section */

/* Begin PBXGroup section */
		7816C257237963C300D8747F = {
			isa = PBXGroup;
			children = (
				7816C262237963C400D8747F /* practiceAtoB */,
				7816C277237963C600D8747F /* practiceAtoBTests */,
				7816C282237963C600D8747F /* practiceAtoBUITests */,
				7816C261237963C400D8747F /* Products */,
			);
			sourceTree = "<group>";
		};
		7816C261237963C400D8747F /* Products */ = {
			isa = PBXGroup;
			children = (
				7816C260237963C400D8747F /* practiceAtoB.app */,
				7816C274237963C600D8747F /* practiceAtoBTests.xctest */,
				7816C27F237963C600D8747F /* practiceAtoBUITests.xctest */,
			);
			name = Products;
			sourceTree = "<group>";
		};
		7816C262237963C400D8747F /* practiceAtoB */ = {
			isa = PBXGroup;
			children = (
				7816C263237963C400D8747F /* AppDelegate.swift */,
				7816C265237963C400D8747F /* ViewController.swift */,
				7816C2912379645700D8747F /* sc.swift */,
				7816C267237963C400D8747F /* Main.storyboard */,
				7816C26A237963C600D8747F /* Assets.xcassets */,
				7816C26C237963C600D8747F /* LaunchScreen.storyboard */,
				7816C26F237963C600D8747F /* Info.plist */,
			);
			path = practiceAtoB;
			sourceTree = "<group>";
		};
		7816C277237963C600D8747F /* practiceAtoBTests */ = {
			isa = PBXGroup;
			children = (
				7816C278237963C600D8747F /* practiceAtoBTests.swift */,
				7816C27A237963C600D8747F /* Info.plist */,
			);
			path = practiceAtoBTests;
			sourceTree = "<group>";
		};
		7816C282237963C600D8747F /* practiceAtoBUITests */ = {
			isa = PBXGroup;
			children = (
				7816C283237963C600D8747F /* practiceAtoBUITests.swift */,
				7816C285237963C600D8747F /* Info.plist */,
			);
			path = practiceAtoBUITests;
			sourceTree = "<group>";
		};
/* End PBXGroup section */

/* Begin PBXNativeTarget section */
		7816C25F237963C400D8747F /* practiceAtoB */ = {
			isa = PBXNativeTarget;
			buildConfigurationList = 7816C288237963C600D8747F /* Build configuration list for PBXNativeTarget "practiceAtoB" */;
			buildPhases = (
				7816C25C237963C400D8747F /* Sources */,
				7816C25D237963C400D8747F /* Frameworks */,
				7816C25E237963C400D8747F /* Resources */,
			);
			buildRules = (
			);
			dependencies = (
			);
			name = practiceAtoB;
			productName = practiceAtoB;
			productReference = 7816C260237963C400D8747F /* practiceAtoB.app */;
			productType = "com.apple.product-type.application";
		};
		7816C273237963C600D8747F /* practiceAtoBTests */ = {
			isa = PBXNativeTarget;
			buildConfigurationList = 7816C28B237963C600D8747F /* Build configuration list for PBXNativeTarget "practiceAtoBTests" */;
			buildPhases = (
				7816C270237963C600D8747F /* Sources */,
				7816C271237963C600D8747F /* Frameworks */,
				7816C272237963C600D8747F /* Resources */,
			);
			buildRules = (
			);
			dependencies = (
				7816C276237963C600D8747F /* PBXTargetDependency */,
			);
			name = practiceAtoBTests;
			productName = practiceAtoBTests;
			productReference = 7816C274237963C600D8747F /* practiceAtoBTests.xctest */;
			productType = "com.apple.product-type.bundle.unit-test";
		};
		7816C27E237963C600D8747F /* practiceAtoBUITests */ = {
			isa = PBXNativeTarget;
			buildConfigurationList = 7816C28E237963C600D8747F /* Build configuration list for PBXNativeTarget "practiceAtoBUITests" */;
			buildPhases = (
				7816C27B237963C600D8747F /* Sources */,
				7816C27C237963C600D8747F /* Frameworks */,
				7816C27D237963C600D8747F /* Resources */,
			);
			buildRules = (
			);
			dependencies = (
				7816C281237963C600D8747F /* PBXTargetDependency */,
			);
			name = practiceAtoBUITests;
			productName = practiceAtoBUITests;
			productReference = 7816C27F237963C600D8747F /* practiceAtoBUITests.xctest */;
			productType = "com.apple.product-type.bundle.ui-testing";
		};
/* End PBXNativeTarget section */

/* Begin PBXProject section */
		7816C258237963C300D8747F /* Project object */ = {
			isa = PBXProject;
			attributes = {
				LastSwiftUpdateCheck = 1010;
				LastUpgradeCheck = 1010;
				ORGANIZATIONNAME = "Varalakshmi Kacherla";
				TargetAttributes = {
					7816C25F237963C400D8747F = {
						CreatedOnToolsVersion = 10.1;
					};
					7816C273237963C600D8747F = {
						CreatedOnToolsVersion = 10.1;
						TestTargetID = 7816C25F237963C400D8747F;
					};
					7816C27E237963C600D8747F = {
						CreatedOnToolsVersion = 10.1;
						TestTargetID = 7816C25F237963C400D8747F;
					};
				};
			};
			buildConfigurationList = 7816C25B237963C300D8747F /* Build configuration list for PBXProject "practiceAtoB" */;
			compatibilityVersion = "Xcode 9.3";
			developmentRegion = en;
			hasScannedForEncodings = 0;
			knownRegions = (
				en,
				Base,
			);
			mainGroup = 7816C257237963C300D8747F;
			productRefGroup = 7816C261237963C400D8747F /* Products */;
			projectDirPath = "";
			projectRoot = "";
			targets = (
				7816C25F237963C400D8747F /* practiceAtoB */,
				7816C273237963C600D8747F /* practiceAtoBTests */,
				7816C27E237963C600D8747F /* practiceAtoBUITests */,
			);
		};
/* End PBXProject section */

/* Begin PBXResourcesBuildPhase section */
		7816C25E237963C400D8747F /* Resources */ = {
			isa = PBXResourcesBuildPhase;
			buildActionMask = 2147483647;
			files = (
				7816C26E237963C600D8747F /* LaunchScreen.storyboard in Resources */,
				7816C26B237963C600D8747F /* Assets.xcassets in Resources */,
				7816C269237963C400D8747F /* Main.storyboard in Resources */,
			);
			runOnlyForDeploymentPostprocessing = 0;
		};
		7816C272237963C600D8747F /* Resources */ = {
			isa = PBXResourcesBuildPhase;
			buildActionMask = 2147483647;
			files = (
			);
			runOnlyForDeploymentPostprocessing = 0;
		};
		7816C27D237963C600D8747F /* Resources */ = {
			isa = PBXResourcesBuildPhase;
			buildActionMask = 2147483647;
			files = (
			);
			runOnlyForDeploymentPostprocessing = 0;
		};
/* End PBXResourcesBuildPhase section */

/* Begin PBXSourcesBuildPhase section */
		7816C25C237963C400D8747F /* Sources */ = {
			isa = PBXSourcesBuildPhase;
			buildActionMask = 2147483647;
			files = (
				7816C266237963C400D8747F /* ViewController.swift in Sources */,
				7816C2922379645700D8747F /* sc.swift in Sources */,
				7816C264237963C400D8747F /* AppDelegate.swift in Sources */,
			);
			runOnlyForDeploymentPostprocessing = 0;
		};
		7816C270237963C600D8747F /* Sources */ = {
			isa = PBXSourcesBuildPhase;
			buildActionMask = 2147483647;
			files = (
				7816C279237963C600D8747F /* practiceAtoBTests.swift in Sources */,
			);
			runOnlyForDeploymentPostprocessing = 0;
		};
		7816C27B237963C600D8747F /* Sources */ = {
			isa = PBXSourcesBuildPhase;
			buildActionMask = 2147483647;
			files = (
				7816C284237963C600D8747F /* practiceAtoBUITests.swift in Sources */,
			);
			runOnlyForDeploymentPostprocessing = 0;
		};
/* End PBXSourcesBuildPhase section */

/* Begin PBXTargetDependency section */
		7816C276237963C600D8747F /* PBXTargetDependency */ = {
			isa = PBXTargetDependency;
			target = 7816C25F237963C400D8747F /* practiceAtoB */;
			targetProxy = 7816C275237963C600D8747F /* PBXContainerItemProxy */;
		};
		7816C281237963C600D8747F /* PBXTargetDependency */ = {
			isa = PBXTargetDependency;
			target = 7816C25F237963C400D8747F /* practiceAtoB */;
			targetProxy = 7816C280237963C600D8747F /* PBXContainerItemProxy */;
		};
/* End PBXTargetDependency section */

/* Begin PBXVariantGroup section */
		7816C267237963C400D8747F /* Main.storyboard */ = {
			isa = PBXVariantGroup;
			children = (
				7816C268237963C400D8747F /* Base */,
			);
			name = Main.storyboard;
			sourceTree = "<group>";
		};
		7816C26C237963C600D8747F /* LaunchScreen.storyboard */ = {
			isa = PBXVariantGroup;
			children = (
				7816C26D237963C600D8747F /* Base */,
			);
			name = LaunchScreen.storyboard;
			sourceTree = "<group>";
		};
/* End PBXVariantGroup section */

/* Begin XCBuildConfiguration section */
		7816C286237963C600D8747F /* Debug */ = {
			isa = XCBuildConfiguration;
			buildSettings = {
				ALWAYS_SEARCH_USER_PATHS = NO;
				CLANG_ANALYZER_NONNULL = YES;
				CLANG_ANALYZER_NUMBER_OBJECT_CONVERSION = YES_AGGRESSIVE;
				CLANG_CXX_LANGUAGE_STANDARD = "gnu++14";
				CLANG_CXX_LIBRARY = "libc++";
				CLANG_ENABLE_MODULES = YES;
				CLANG_ENABLE_OBJC_ARC = YES;
				CLANG_ENABLE_OBJC_WEAK = YES;
				CLANG_WARN_BLOCK_CAPTURE_AUTORELEASING = YES;
				CLANG_WARN_BOOL_CONVERSION = YES;
				CLANG_WARN_COMMA = YES;
				CLANG_WARN_CONSTANT_CONVERSION = YES;
				CLANG_WARN_DEPRECATED_OBJC_IMPLEMENTATIONS = YES;
				CLANG_WARN_DIRECT_OBJC_ISA_USAGE = YES_ERROR;
				CLANG_WARN_DOCUMENTATION_COMMENTS = YES;
				CLANG_WARN_EMPTY_BODY = YES;
				CLANG_WARN_ENUM_CONVERSION = YES;
				CLANG_WARN_INFINITE_RECURSION = YES;
				CLANG_WARN_INT_CONVERSION = YES;
				CLANG_WARN_NON_LITERAL_NULL_CONVERSION = YES;
				CLANG_WARN_OBJC_IMPLICIT_RETAIN_SELF = YES;
				CLANG_WARN_OBJC_LITERAL_CONVERSION = YES;
				CLANG_WARN_OBJC_ROOT_CLASS = YES_ERROR;
				CLANG_WARN_RANGE_LOOP_ANALYSIS = YES;
				CLANG_WARN_STRICT_PROTOTYPES = YES;
				CLANG_WARN_SUSPICIOUS_MOVE = YES;
				CLANG_WARN_UNGUARDED_AVAILABILITY = YES_AGGRESSIVE;
				CLANG_WARN_UNREACHABLE_CODE = YES;
				CLANG_WARN__DUPLICATE_METHOD_MATCH = YES;
				CODE_SIGN_IDENTITY = "iPhone Developer";
				COPY_PHASE_STRIP = NO;
				DEBUG_INFORMATION_FORMAT = dwarf;
				ENABLE_STRICT_OBJC_MSGSEND = YES;
				ENABLE_TESTABILITY = YES;
				GCC_C_LANGUAGE_STANDARD = gnu11;
				GCC_DYNAMIC_NO_PIC = NO;
				GCC_NO_COMMON_BLOCKS = YES;
				GCC_OPTIMIZATION_LEVEL = 0;
				GCC_PREPROCESSOR_DEFINITIONS = (
					"DEBUG=1",
					"$(inherited)",
				);
				GCC_WARN_64_TO_32_BIT_CONVERSION = YES;
				GCC_WARN_ABOUT_RETURN_TYPE = YES_ERROR;
				GCC_WARN_UNDECLARED_SELECTOR = YES;
				GCC_WARN_UNINITIALIZED_AUTOS = YES_AGGRESSIVE;
				GCC_WARN_UNUSED_FUNCTION = YES;
				GCC_WARN_UNUSED_VARIABLE = YES;
				IPHONEOS_DEPLOYMENT_TARGET = 12.1;
				MTL_ENABLE_DEBUG_INFO = INCLUDE_SOURCE;
				MTL_FAST_MATH = YES;
				ONLY_ACTIVE_ARCH = YES;
				SDKROOT = iphoneos;
				SWIFT_ACTIVE_COMPILATION_CONDITIONS = DEBUG;
				SWIFT_OPTIMIZATION_LEVEL = "-Onone";
			};
			name = Debug;
		};
		7816C287237963C600D8747F /* Release */ = {
			isa = XCBuildConfiguration;
			buildSettings = {
				ALWAYS_SEARCH_USER_PATHS = NO;
				CLANG_ANALYZER_NONNULL = YES;
				CLANG_ANALYZER_NUMBER_OBJECT_CONVERSION = YES_AGGRESSIVE;
				CLANG_CXX_LANGUAGE_STANDARD = "gnu++14";
				CLANG_CXX_LIBRARY = "libc++";
				CLANG_ENABLE_MODULES = YES;
				CLANG_ENABLE_OBJC_ARC = YES;
				CLANG_ENABLE_OBJC_WEAK = YES;
				CLANG_WARN_BLOCK_CAPTURE_AUTORELEASING = YES;
				CLANG_WARN_BOOL_CONVERSION = YES;
				CLANG_WARN_COMMA = YES;
				CLANG_WARN_CONSTANT_CONVERSION = YES;
				CLANG_WARN_DEPRECATED_OBJC_IMPLEMENTATIONS = YES;
				CLANG_WARN_DIRECT_OBJC_ISA_USAGE = YES_ERROR;
				CLANG_WARN_DOCUMENTATION_COMMENTS = YES;
				CLANG_WARN_EMPTY_BODY = YES;
				CLANG_WARN_ENUM_CONVERSION = YES;
				CLANG_WARN_INFINITE_RECURSION = YES;
				CLANG_WARN_INT_CONVERSION = YES;
				CLANG_WARN_NON_LITERAL_NULL_CONVERSION = YES;
				CLANG_WARN_OBJC_IMPLICIT_RETAIN_SELF = YES;
				CLANG_WARN_OBJC_LITERAL_CONVERSION = YES;
				CLANG_WARN_OBJC_ROOT_CLASS = YES_ERROR;
				CLANG_WARN_RANGE_LOOP_ANALYSIS = YES;
				CLANG_WARN_STRICT_PROTOTYPES = YES;
				CLANG_WARN_SUSPICIOUS_MOVE = YES;
				CLANG_WARN_UNGUARDED_AVAILABILITY = YES_AGGRESSIVE;
				CLANG_WARN_UNREACHABLE_CODE = YES;
				CLANG_WARN__DUPLICATE_METHOD_MATCH = YES;
				CODE_SIGN_IDENTITY = "iPhone Developer";
				COPY_PHASE_STRIP = NO;
				DEBUG_INFORMATION_FORMAT = "dwarf-with-dsym";
				ENABLE_NS_ASSERTIONS = NO;
				ENABLE_STRICT_OBJC_MSGSEND = YES;
				GCC_C_LANGUAGE_STANDARD = gnu11;
				GCC_NO_COMMON_BLOCKS = YES;
				GCC_WARN_64_TO_32_BIT_CONVERSION = YES;
				GCC_WARN_ABOUT_RETURN_TYPE = YES_ERROR;
				GCC_WARN_UNDECLARED_SELECTOR = YES;
				GCC_WARN_UNINITIALIZED_AUTOS = YES_AGGRESSIVE;
				GCC_WARN_UNUSED_FUNCTION = YES;
				GCC_WARN_UNUSED_VARIABLE = YES;
				IPHONEOS_DEPLOYMENT_TARGET = 12.1;
				MTL_ENABLE_DEBUG_INFO = NO;
				MTL_FAST_MATH = YES;
				SDKROOT = iphoneos;
				SWIFT_COMPILATION_MODE = wholemodule;
				SWIFT_OPTIMIZATION_LEVEL = "-O";
				VALIDATE_PRODUCT = YES;
			};
			name = Release;
		};
		7816C289237963C600D8747F /* Debug */ = {
			isa = XCBuildConfiguration;
			buildSettings = {
				ASSETCATALOG_COMPILER_APPICON_NAME = AppIcon;
				CODE_SIGN_STYLE = Automatic;
				INFOPLIST_FILE = practiceAtoB/Info.plist;
				LD_RUNPATH_SEARCH_PATHS = (
					"$(inherited)",
					"@executable_path/Frameworks",
				);
				PRODUCT_BUNDLE_IDENTIFIER = Practice.practiceAtoB;
				PRODUCT_NAME = "$(TARGET_NAME)";
				SWIFT_VERSION = 4.2;
				TARGETED_DEVICE_FAMILY = "1,2";
			};
			name = Debug;
		};
		7816C28A237963C600D8747F /* Release */ = {
			isa = XCBuildConfiguration;
			buildSettings = {
				ASSETCATALOG_COMPILER_APPICON_NAME = AppIcon;
				CODE_SIGN_STYLE = Automatic;
				INFOPLIST_FILE = practiceAtoB/Info.plist;
				LD_RUNPATH_SEARCH_PATHS = (
					"$(inherited)",
					"@executable_path/Frameworks",
				);
				PRODUCT_BUNDLE_IDENTIFIER = Practice.practiceAtoB;
				PRODUCT_NAME = "$(TARGET_NAME)";
				SWIFT_VERSION = 4.2;
				TARGETED_DEVICE_FAMILY = "1,2";
			};
			name = Release;
		};
		7816C28C237963C600D8747F /* Debug */ = {
			isa = XCBuildConfiguration;
			buildSettings = {
				ALWAYS_EMBED_SWIFT_STANDARD_LIBRARIES = YES;
				BUNDLE_LOADER = "$(TEST_HOST)";
				CODE_SIGN_STYLE = Automatic;
				INFOPLIST_FILE = practiceAtoBTests/Info.plist;
				LD_RUNPATH_SEARCH_PATHS = (
					"$(inherited)",
					"@executable_path/Frameworks",
					"@loader_path/Frameworks",
				);
				PRODUCT_BUNDLE_IDENTIFIER = Practice.practiceAtoBTests;
				PRODUCT_NAME = "$(TARGET_NAME)";
				SWIFT_VERSION = 4.2;
				TARGETED_DEVICE_FAMILY = "1,2";
				TEST_HOST = "$(BUILT_PRODUCTS_DIR)/practiceAtoB.app/practiceAtoB";
			};
			name = Debug;
		};
		7816C28D237963C600D8747F /* Release */ = {
			isa = XCBuildConfiguration;
			buildSettings = {
				ALWAYS_EMBED_SWIFT_STANDARD_LIBRARIES = YES;
				BUNDLE_LOADER = "$(TEST_HOST)";
				CODE_SIGN_STYLE = Automatic;
				INFOPLIST_FILE = practiceAtoBTests/Info.plist;
				LD_RUNPATH_SEARCH_PATHS = (
					"$(inherited)",
					"@executable_path/Frameworks",
					"@loader_path/Frameworks",
				);
				PRODUCT_BUNDLE_IDENTIFIER = Practice.practiceAtoBTests;
				PRODUCT_NAME = "$(TARGET_NAME)";
				SWIFT_VERSION = 4.2;
				TARGETED_DEVICE_FAMILY = "1,2";
				TEST_HOST = "$(BUILT_PRODUCTS_DIR)/practiceAtoB.app/practiceAtoB";
			};
			name = Release;
		};
		7816C28F237963C600D8747F /* Debug */ = {
			isa = XCBuildConfiguration;
			buildSettings = {
				ALWAYS_EMBED_SWIFT_STANDARD_LIBRARIES = YES;
				CODE_SIGN_STYLE = Automatic;
				INFOPLIST_FILE = practiceAtoBUITests/Info.plist;
				LD_RUNPATH_SEARCH_PATHS = (
					"$(inherited)",
					"@executable_path/Frameworks",
					"@loader_path/Frameworks",
				);
				PRODUCT_BUNDLE_IDENTIFIER = Practice.practiceAtoBUITests;
				PRODUCT_NAME = "$(TARGET_NAME)";
				SWIFT_VERSION = 4.2;
				TARGETED_DEVICE_FAMILY = "1,2";
				TEST_TARGET_NAME = practiceAtoB;
			};
			name = Debug;
		};
		7816C290237963C600D8747F /* Release */ = {
			isa = XCBuildConfiguration;
			buildSettings = {
				ALWAYS_EMBED_SWIFT_STANDARD_LIBRARIES = YES;
				CODE_SIGN_STYLE = Automatic;
				INFOPLIST_FILE = practiceAtoBUITests/Info.plist;
				LD_RUNPATH_SEARCH_PATHS = (
					"$(inherited)",
					"@executable_path/Frameworks",
					"@loader_path/Frameworks",
				);
				PRODUCT_BUNDLE_IDENTIFIER = Practice.practiceAtoBUITests;
				PRODUCT_NAME = "$(TARGET_NAME)";
				SWIFT_VERSION = 4.2;
				TARGETED_DEVICE_FAMILY = "1,2";
				TEST_TARGET_NAME = practiceAtoB;
			};
			name = Release;
		};
/* End XCBuildConfiguration section */

/* Begin XCConfigurationList section */
		7816C25B237963C300D8747F /* Build configuration list for PBXProject "practiceAtoB" */ = {
			isa = XCConfigurationList;
			buildConfigurations = (
				7816C286237963C600D8747F /* Debug */,
				7816C287237963C600D8747F /* Release */,
			);
			defaultConfigurationIsVisible = 0;
			defaultConfigurationName = Release;
		};
		7816C288237963C600D8747F /* Build configuration list for PBXNativeTarget "practiceAtoB" */ = {
			isa = XCConfigurationList;
			buildConfigurations = (
				7816C289237963C600D8747F /* Debug */,
				7816C28A237963C600D8747F /* Release */,
			);
			defaultConfigurationIsVisible = 0;
			defaultConfigurationName = Release;
		};
		7816C28B237963C600D8747F /* Build configuration list for PBXNativeTarget "practiceAtoBTests" */ = {
			isa = XCConfigurationList;
			buildConfigurations = (
				7816C28C237963C600D8747F /* Debug */,
				7816C28D237963C600D8747F /* Release */,
			);
			defaultConfigurationIsVisible = 0;
			defaultConfigurationName = Release;
		};
		7816C28E237963C600D8747F /* Build configuration list for PBXNativeTarget "practiceAtoBUITests" */ = {
			isa = XCConfigurationList;
			buildConfigurations = (
				7816C28F237963C600D8747F /* Debug */,
				7816C290237963C600D8747F /* Release */,
			);
			defaultConfigurationIsVisible = 0;
			defaultConfigurationName = Release;
		};
/* End XCConfigurationList section */
	};
	rootObject = 7816C258237963C300D8747F /* Project object */;
}
