// !$*UTF8*$!
{
	archiveVersion = 1;
	classes = {
	};
	objectVersion = 50;
	objects = {

/* Begin PBXBuildFile section */
		7856261D237D7AAA00071220 /* AppDelegate.swift in Sources */ = {isa = PBXBuildFile; fileRef = 7856261C237D7AAA00071220 /* AppDelegate.swift */; };
		7856261F237D7AAA00071220 /* ViewController.swift in Sources */ = {isa = PBXBuildFile; fileRef = 7856261E237D7AAA00071220 /* ViewController.swift */; };
		78562622237D7AAA00071220 /* Main.storyboard in Resources */ = {isa = PBXBuildFile; fileRef = 78562620237D7AAA00071220 /* Main.storyboard */; };
		78562624237D7AAD00071220 /* Assets.xcassets in Resources */ = {isa = PBXBuildFile; fileRef = 78562623237D7AAD00071220 /* Assets.xcassets */; };
		78562627237D7AAD00071220 /* LaunchScreen.storyboard in Resources */ = {isa = PBXBuildFile; fileRef = 78562625237D7AAD00071220 /* LaunchScreen.storyboard */; };
		78562632237D7AAD00071220 /* funcwithTupleTests.swift in Sources */ = {isa = PBXBuildFile; fileRef = 78562631237D7AAD00071220 /* funcwithTupleTests.swift */; };
		7856263D237D7AAD00071220 /* funcwithTupleUITests.swift in Sources */ = {isa = PBXBuildFile; fileRef = 7856263C237D7AAD00071220 /* funcwithTupleUITests.swift */; };
/* End PBXBuildFile section */

/* Begin PBXContainerItemProxy section */
		7856262E237D7AAD00071220 /* PBXContainerItemProxy */ = {
			isa = PBXContainerItemProxy;
			containerPortal = 78562611237D7AAA00071220 /* Project object */;
			proxyType = 1;
			remoteGlobalIDString = 78562618237D7AAA00071220;
			remoteInfo = funcwithTuple;
		};
		78562639237D7AAD00071220 /* PBXContainerItemProxy */ = {
			isa = PBXContainerItemProxy;
			containerPortal = 78562611237D7AAA00071220 /* Project object */;
			proxyType = 1;
			remoteGlobalIDString = 78562618237D7AAA00071220;
			remoteInfo = funcwithTuple;
		};
/* End PBXContainerItemProxy section */

/* Begin PBXFileReference section */
		78562619237D7AAA00071220 /* funcwithTuple.app */ = {isa = PBXFileReference; explicitFileType = wrapper.application; includeInIndex = 0; path = funcwithTuple.app; sourceTree = BUILT_PRODUCTS_DIR; };
		7856261C237D7AAA00071220 /* AppDelegate.swift */ = {isa = PBXFileReference; lastKnownFileType = sourcecode.swift; path = AppDelegate.swift; sourceTree = "<group>"; };
		7856261E237D7AAA00071220 /* ViewController.swift */ = {isa = PBXFileReference; lastKnownFileType = sourcecode.swift; path = ViewController.swift; sourceTree = "<group>"; };
		78562621237D7AAA00071220 /* Base */ = {isa = PBXFileReference; lastKnownFileType = file.storyboard; name = Base; path = Base.lproj/Main.storyboard; sourceTree = "<group>"; };
		78562623237D7AAD00071220 /* Assets.xcassets */ = {isa = PBXFileReference; lastKnownFileType = folder.assetcatalog; path = Assets.xcassets; sourceTree = "<group>"; };
		78562626237D7AAD00071220 /* Base */ = {isa = PBXFileReference; lastKnownFileType = file.storyboard; name = Base; path = Base.lproj/LaunchScreen.storyboard; sourceTree = "<group>"; };
		78562628237D7AAD00071220 /* Info.plist */ = {isa = PBXFileReference; lastKnownFileType = text.plist.xml; path = Info.plist; sourceTree = "<group>"; };
		7856262D237D7AAD00071220 /* funcwithTupleTests.xctest */ = {isa = PBXFileReference; explicitFileType = wrapper.cfbundle; includeInIndex = 0; path = funcwithTupleTests.xctest; sourceTree = BUILT_PRODUCTS_DIR; };
		78562631237D7AAD00071220 /* funcwithTupleTests.swift */ = {isa = PBXFileReference; lastKnownFileType = sourcecode.swift; path = funcwithTupleTests.swift; sourceTree = "<group>"; };
		78562633237D7AAD00071220 /* Info.plist */ = {isa = PBXFileReference; lastKnownFileType = text.plist.xml; path = Info.plist; sourceTree = "<group>"; };
		78562638237D7AAD00071220 /* funcwithTupleUITests.xctest */ = {isa = PBXFileReference; explicitFileType = wrapper.cfbundle; includeInIndex = 0; path = funcwithTupleUITests.xctest; sourceTree = BUILT_PRODUCTS_DIR; };
		7856263C237D7AAD00071220 /* funcwithTupleUITests.swift */ = {isa = PBXFileReference; lastKnownFileType = sourcecode.swift; path = funcwithTupleUITests.swift; sourceTree = "<group>"; };
		7856263E237D7AAD00071220 /* Info.plist */ = {isa = PBXFileReference; lastKnownFileType = text.plist.xml; path = Info.plist; sourceTree = "<group>"; };
/* End PBXFileReference section */

/* Begin PBXFrameworksBuildPhase section */
		78562616237D7AAA00071220 /* Frameworks */ = {
			isa = PBXFrameworksBuildPhase;
			buildActionMask = 2147483647;
			files = (
			);
			runOnlyForDeploymentPostprocessing = 0;
		};
		7856262A237D7AAD00071220 /* Frameworks */ = {
			isa = PBXFrameworksBuildPhase;
			buildActionMask = 2147483647;
			files = (
			);
			runOnlyForDeploymentPostprocessing = 0;
		};
		78562635237D7AAD00071220 /* Frameworks */ = {
			isa = PBXFrameworksBuildPhase;
			buildActionMask = 2147483647;
			files = (
			);
			runOnlyForDeploymentPostprocessing = 0;
		};
/* End PBXFrameworksBuildPhase section */

/* Begin PBXGroup section */
		78562610237D7AAA00071220 = {
			isa = PBXGroup;
			children = (
				7856261B237D7AAA00071220 /* funcwithTuple */,
				78562630237D7AAD00071220 /* funcwithTupleTests */,
				7856263B237D7AAD00071220 /* funcwithTupleUITests */,
				7856261A237D7AAA00071220 /* Products */,
			);
			sourceTree = "<group>";
		};
		7856261A237D7AAA00071220 /* Products */ = {
			isa = PBXGroup;
			children = (
				78562619237D7AAA00071220 /* funcwithTuple.app */,
				7856262D237D7AAD00071220 /* funcwithTupleTests.xctest */,
				78562638237D7AAD00071220 /* funcwithTupleUITests.xctest */,
			);
			name = Products;
			sourceTree = "<group>";
		};
		7856261B237D7AAA00071220 /* funcwithTuple */ = {
			isa = PBXGroup;
			children = (
				7856261C237D7AAA00071220 /* AppDelegate.swift */,
				7856261E237D7AAA00071220 /* ViewController.swift */,
				78562620237D7AAA00071220 /* Main.storyboard */,
				78562623237D7AAD00071220 /* Assets.xcassets */,
				78562625237D7AAD00071220 /* LaunchScreen.storyboard */,
				78562628237D7AAD00071220 /* Info.plist */,
			);
			path = funcwithTuple;
			sourceTree = "<group>";
		};
		78562630237D7AAD00071220 /* funcwithTupleTests */ = {
			isa = PBXGroup;
			children = (
				78562631237D7AAD00071220 /* funcwithTupleTests.swift */,
				78562633237D7AAD00071220 /* Info.plist */,
			);
			path = funcwithTupleTests;
			sourceTree = "<group>";
		};
		7856263B237D7AAD00071220 /* funcwithTupleUITests */ = {
			isa = PBXGroup;
			children = (
				7856263C237D7AAD00071220 /* funcwithTupleUITests.swift */,
				7856263E237D7AAD00071220 /* Info.plist */,
			);
			path = funcwithTupleUITests;
			sourceTree = "<group>";
		};
/* End PBXGroup section */

/* Begin PBXNativeTarget section */
		78562618237D7AAA00071220 /* funcwithTuple */ = {
			isa = PBXNativeTarget;
			buildConfigurationList = 78562641237D7AAD00071220 /* Build configuration list for PBXNativeTarget "funcwithTuple" */;
			buildPhases = (
				78562615237D7AAA00071220 /* Sources */,
				78562616237D7AAA00071220 /* Frameworks */,
				78562617237D7AAA00071220 /* Resources */,
			);
			buildRules = (
			);
			dependencies = (
			);
			name = funcwithTuple;
			productName = funcwithTuple;
			productReference = 78562619237D7AAA00071220 /* funcwithTuple.app */;
			productType = "com.apple.product-type.application";
		};
		7856262C237D7AAD00071220 /* funcwithTupleTests */ = {
			isa = PBXNativeTarget;
			buildConfigurationList = 78562644237D7AAD00071220 /* Build configuration list for PBXNativeTarget "funcwithTupleTests" */;
			buildPhases = (
				78562629237D7AAD00071220 /* Sources */,
				7856262A237D7AAD00071220 /* Frameworks */,
				7856262B237D7AAD00071220 /* Resources */,
			);
			buildRules = (
			);
			dependencies = (
				7856262F237D7AAD00071220 /* PBXTargetDependency */,
			);
			name = funcwithTupleTests;
			productName = funcwithTupleTests;
			productReference = 7856262D237D7AAD00071220 /* funcwithTupleTests.xctest */;
			productType = "com.apple.product-type.bundle.unit-test";
		};
		78562637237D7AAD00071220 /* funcwithTupleUITests */ = {
			isa = PBXNativeTarget;
			buildConfigurationList = 78562647237D7AAD00071220 /* Build configuration list for PBXNativeTarget "funcwithTupleUITests" */;
			buildPhases = (
				78562634237D7AAD00071220 /* Sources */,
				78562635237D7AAD00071220 /* Frameworks */,
				78562636237D7AAD00071220 /* Resources */,
			);
			buildRules = (
			);
			dependencies = (
				7856263A237D7AAD00071220 /* PBXTargetDependency */,
			);
			name = funcwithTupleUITests;
			productName = funcwithTupleUITests;
			productReference = 78562638237D7AAD00071220 /* funcwithTupleUITests.xctest */;
			productType = "com.apple.product-type.bundle.ui-testing";
		};
/* End PBXNativeTarget section */

/* Begin PBXProject section */
		78562611237D7AAA00071220 /* Project object */ = {
			isa = PBXProject;
			attributes = {
				LastSwiftUpdateCheck = 1010;
				LastUpgradeCheck = 1010;
				ORGANIZATIONNAME = "Varalakshmi Kacherla";
				TargetAttributes = {
					78562618237D7AAA00071220 = {
						CreatedOnToolsVersion = 10.1;
					};
					7856262C237D7AAD00071220 = {
						CreatedOnToolsVersion = 10.1;
						TestTargetID = 78562618237D7AAA00071220;
					};
					78562637237D7AAD00071220 = {
						CreatedOnToolsVersion = 10.1;
						TestTargetID = 78562618237D7AAA00071220;
					};
				};
			};
			buildConfigurationList = 78562614237D7AAA00071220 /* Build configuration list for PBXProject "funcwithTuple" */;
			compatibilityVersion = "Xcode 9.3";
			developmentRegion = en;
			hasScannedForEncodings = 0;
			knownRegions = (
				en,
				Base,
			);
			mainGroup = 78562610237D7AAA00071220;
			productRefGroup = 7856261A237D7AAA00071220 /* Products */;
			projectDirPath = "";
			projectRoot = "";
			targets = (
				78562618237D7AAA00071220 /* funcwithTuple */,
				7856262C237D7AAD00071220 /* funcwithTupleTests */,
				78562637237D7AAD00071220 /* funcwithTupleUITests */,
			);
		};
/* End PBXProject section */

/* Begin PBXResourcesBuildPhase section */
		78562617237D7AAA00071220 /* Resources */ = {
			isa = PBXResourcesBuildPhase;
			buildActionMask = 2147483647;
			files = (
				78562627237D7AAD00071220 /* LaunchScreen.storyboard in Resources */,
				78562624237D7AAD00071220 /* Assets.xcassets in Resources */,
				78562622237D7AAA00071220 /* Main.storyboard in Resources */,
			);
			runOnlyForDeploymentPostprocessing = 0;
		};
		7856262B237D7AAD00071220 /* Resources */ = {
			isa = PBXResourcesBuildPhase;
			buildActionMask = 2147483647;
			files = (
			);
			runOnlyForDeploymentPostprocessing = 0;
		};
		78562636237D7AAD00071220 /* Resources */ = {
			isa = PBXResourcesBuildPhase;
			buildActionMask = 2147483647;
			files = (
			);
			runOnlyForDeploymentPostprocessing = 0;
		};
/* End PBXResourcesBuildPhase section */

/* Begin PBXSourcesBuildPhase section */
		78562615237D7AAA00071220 /* Sources */ = {
			isa = PBXSourcesBuildPhase;
			buildActionMask = 2147483647;
			files = (
				7856261F237D7AAA00071220 /* ViewController.swift in Sources */,
				7856261D237D7AAA00071220 /* AppDelegate.swift in Sources */,
			);
			runOnlyForDeploymentPostprocessing = 0;
		};
		78562629237D7AAD00071220 /* Sources */ = {
			isa = PBXSourcesBuildPhase;
			buildActionMask = 2147483647;
			files = (
				78562632237D7AAD00071220 /* funcwithTupleTests.swift in Sources */,
			);
			runOnlyForDeploymentPostprocessing = 0;
		};
		78562634237D7AAD00071220 /* Sources */ = {
			isa = PBXSourcesBuildPhase;
			buildActionMask = 2147483647;
			files = (
				7856263D237D7AAD00071220 /* funcwithTupleUITests.swift in Sources */,
			);
			runOnlyForDeploymentPostprocessing = 0;
		};
/* End PBXSourcesBuildPhase section */

/* Begin PBXTargetDependency section */
		7856262F237D7AAD00071220 /* PBXTargetDependency */ = {
			isa = PBXTargetDependency;
			target = 78562618237D7AAA00071220 /* funcwithTuple */;
			targetProxy = 7856262E237D7AAD00071220 /* PBXContainerItemProxy */;
		};
		7856263A237D7AAD00071220 /* PBXTargetDependency */ = {
			isa = PBXTargetDependency;
			target = 78562618237D7AAA00071220 /* funcwithTuple */;
			targetProxy = 78562639237D7AAD00071220 /* PBXContainerItemProxy */;
		};
/* End PBXTargetDependency section */

/* Begin PBXVariantGroup section */
		78562620237D7AAA00071220 /* Main.storyboard */ = {
			isa = PBXVariantGroup;
			children = (
				78562621237D7AAA00071220 /* Base */,
			);
			name = Main.storyboard;
			sourceTree = "<group>";
		};
		78562625237D7AAD00071220 /* LaunchScreen.storyboard */ = {
			isa = PBXVariantGroup;
			children = (
				78562626237D7AAD00071220 /* Base */,
			);
			name = LaunchScreen.storyboard;
			sourceTree = "<group>";
		};
/* End PBXVariantGroup section */

/* Begin XCBuildConfiguration section */
		7856263F237D7AAD00071220 /* Debug */ = {
			isa = XCBuildConfiguration;
			buildSettings = {
				ALWAYS_SEARCH_USER_PATHS = NO;
				CLANG_ANALYZER_NONNULL = YES;
				CLANG_ANALYZER_NUMBER_OBJECT_CONVERSION = YES_AGGRESSIVE;
				CLANG_CXX_LANGUAGE_STANDARD = "gnu++14";
				CLANG_CXX_LIBRARY = "libc++";
				CLANG_ENABLE_MODULES = YES;
				CLANG_ENABLE_OBJC_ARC = YES;
				CLANG_ENABLE_OBJC_WEAK = YES;
				CLANG_WARN_BLOCK_CAPTURE_AUTORELEASING = YES;
				CLANG_WARN_BOOL_CONVERSION = YES;
				CLANG_WARN_COMMA = YES;
				CLANG_WARN_CONSTANT_CONVERSION = YES;
				CLANG_WARN_DEPRECATED_OBJC_IMPLEMENTATIONS = YES;
				CLANG_WARN_DIRECT_OBJC_ISA_USAGE = YES_ERROR;
				CLANG_WARN_DOCUMENTATION_COMMENTS = YES;
				CLANG_WARN_EMPTY_BODY = YES;
				CLANG_WARN_ENUM_CONVERSION = YES;
				CLANG_WARN_INFINITE_RECURSION = YES;
				CLANG_WARN_INT_CONVERSION = YES;
				CLANG_WARN_NON_LITERAL_NULL_CONVERSION = YES;
				CLANG_WARN_OBJC_IMPLICIT_RETAIN_SELF = YES;
				CLANG_WARN_OBJC_LITERAL_CONVERSION = YES;
				CLANG_WARN_OBJC_ROOT_CLASS = YES_ERROR;
				CLANG_WARN_RANGE_LOOP_ANALYSIS = YES;
				CLANG_WARN_STRICT_PROTOTYPES = YES;
				CLANG_WARN_SUSPICIOUS_MOVE = YES;
				CLANG_WARN_UNGUARDED_AVAILABILITY = YES_AGGRESSIVE;
				CLANG_WARN_UNREACHABLE_CODE = YES;
				CLANG_WARN__DUPLICATE_METHOD_MATCH = YES;
				CODE_SIGN_IDENTITY = "iPhone Developer";
				COPY_PHASE_STRIP = NO;
				DEBUG_INFORMATION_FORMAT = dwarf;
				ENABLE_STRICT_OBJC_MSGSEND = YES;
				ENABLE_TESTABILITY = YES;
				GCC_C_LANGUAGE_STANDARD = gnu11;
				GCC_DYNAMIC_NO_PIC = NO;
				GCC_NO_COMMON_BLOCKS = YES;
				GCC_OPTIMIZATION_LEVEL = 0;
				GCC_PREPROCESSOR_DEFINITIONS = (
					"DEBUG=1",
					"$(inherited)",
				);
				GCC_WARN_64_TO_32_BIT_CONVERSION = YES;
				GCC_WARN_ABOUT_RETURN_TYPE = YES_ERROR;
				GCC_WARN_UNDECLARED_SELECTOR = YES;
				GCC_WARN_UNINITIALIZED_AUTOS = YES_AGGRESSIVE;
				GCC_WARN_UNUSED_FUNCTION = YES;
				GCC_WARN_UNUSED_VARIABLE = YES;
				IPHONEOS_DEPLOYMENT_TARGET = 12.1;
				MTL_ENABLE_DEBUG_INFO = INCLUDE_SOURCE;
				MTL_FAST_MATH = YES;
				ONLY_ACTIVE_ARCH = YES;
				SDKROOT = iphoneos;
				SWIFT_ACTIVE_COMPILATION_CONDITIONS = DEBUG;
				SWIFT_OPTIMIZATION_LEVEL = "-Onone";
			};
			name = Debug;
		};
		78562640237D7AAD00071220 /* Release */ = {
			isa = XCBuildConfiguration;
			buildSettings = {
				ALWAYS_SEARCH_USER_PATHS = NO;
				CLANG_ANALYZER_NONNULL = YES;
				CLANG_ANALYZER_NUMBER_OBJECT_CONVERSION = YES_AGGRESSIVE;
				CLANG_CXX_LANGUAGE_STANDARD = "gnu++14";
				CLANG_CXX_LIBRARY = "libc++";
				CLANG_ENABLE_MODULES = YES;
				CLANG_ENABLE_OBJC_ARC = YES;
				CLANG_ENABLE_OBJC_WEAK = YES;
				CLANG_WARN_BLOCK_CAPTURE_AUTORELEASING = YES;
				CLANG_WARN_BOOL_CONVERSION = YES;
				CLANG_WARN_COMMA = YES;
				CLANG_WARN_CONSTANT_CONVERSION = YES;
				CLANG_WARN_DEPRECATED_OBJC_IMPLEMENTATIONS = YES;
				CLANG_WARN_DIRECT_OBJC_ISA_USAGE = YES_ERROR;
				CLANG_WARN_DOCUMENTATION_COMMENTS = YES;
				CLANG_WARN_EMPTY_BODY = YES;
				CLANG_WARN_ENUM_CONVERSION = YES;
				CLANG_WARN_INFINITE_RECURSION = YES;
				CLANG_WARN_INT_CONVERSION = YES;
				CLANG_WARN_NON_LITERAL_NULL_CONVERSION = YES;
				CLANG_WARN_OBJC_IMPLICIT_RETAIN_SELF = YES;
				CLANG_WARN_OBJC_LITERAL_CONVERSION = YES;
				CLANG_WARN_OBJC_ROOT_CLASS = YES_ERROR;
				CLANG_WARN_RANGE_LOOP_ANALYSIS = YES;
				CLANG_WARN_STRICT_PROTOTYPES = YES;
				CLANG_WARN_SUSPICIOUS_MOVE = YES;
				CLANG_WARN_UNGUARDED_AVAILABILITY = YES_AGGRESSIVE;
				CLANG_WARN_UNREACHABLE_CODE = YES;
				CLANG_WARN__DUPLICATE_METHOD_MATCH = YES;
				CODE_SIGN_IDENTITY = "iPhone Developer";
				COPY_PHASE_STRIP = NO;
				DEBUG_INFORMATION_FORMAT = "dwarf-with-dsym";
				ENABLE_NS_ASSERTIONS = NO;
				ENABLE_STRICT_OBJC_MSGSEND = YES;
				GCC_C_LANGUAGE_STANDARD = gnu11;
				GCC_NO_COMMON_BLOCKS = YES;
				GCC_WARN_64_TO_32_BIT_CONVERSION = YES;
				GCC_WARN_ABOUT_RETURN_TYPE = YES_ERROR;
				GCC_WARN_UNDECLARED_SELECTOR = YES;
				GCC_WARN_UNINITIALIZED_AUTOS = YES_AGGRESSIVE;
				GCC_WARN_UNUSED_FUNCTION = YES;
				GCC_WARN_UNUSED_VARIABLE = YES;
				IPHONEOS_DEPLOYMENT_TARGET = 12.1;
				MTL_ENABLE_DEBUG_INFO = NO;
				MTL_FAST_MATH = YES;
				SDKROOT = iphoneos;
				SWIFT_COMPILATION_MODE = wholemodule;
				SWIFT_OPTIMIZATION_LEVEL = "-O";
				VALIDATE_PRODUCT = YES;
			};
			name = Release;
		};
		78562642237D7AAD00071220 /* Debug */ = {
			isa = XCBuildConfiguration;
			buildSettings = {
				ASSETCATALOG_COMPILER_APPICON_NAME = AppIcon;
				CODE_SIGN_STYLE = Automatic;
				INFOPLIST_FILE = funcwithTuple/Info.plist;
				LD_RUNPATH_SEARCH_PATHS = (
					"$(inherited)",
					"@executable_path/Frameworks",
				);
				PRODUCT_BUNDLE_IDENTIFIER = Practice.funcwithTuple;
				PRODUCT_NAME = "$(TARGET_NAME)";
				SWIFT_VERSION = 4.2;
				TARGETED_DEVICE_FAMILY = "1,2";
			};
			name = Debug;
		};
		78562643237D7AAD00071220 /* Release */ = {
			isa = XCBuildConfiguration;
			buildSettings = {
				ASSETCATALOG_COMPILER_APPICON_NAME = AppIcon;
				CODE_SIGN_STYLE = Automatic;
				INFOPLIST_FILE = funcwithTuple/Info.plist;
				LD_RUNPATH_SEARCH_PATHS = (
					"$(inherited)",
					"@executable_path/Frameworks",
				);
				PRODUCT_BUNDLE_IDENTIFIER = Practice.funcwithTuple;
				PRODUCT_NAME = "$(TARGET_NAME)";
				SWIFT_VERSION = 4.2;
				TARGETED_DEVICE_FAMILY = "1,2";
			};
			name = Release;
		};
		78562645237D7AAD00071220 /* Debug */ = {
			isa = XCBuildConfiguration;
			buildSettings = {
				ALWAYS_EMBED_SWIFT_STANDARD_LIBRARIES = YES;
				BUNDLE_LOADER = "$(TEST_HOST)";
				CODE_SIGN_STYLE = Automatic;
				INFOPLIST_FILE = funcwithTupleTests/Info.plist;
				LD_RUNPATH_SEARCH_PATHS = (
					"$(inherited)",
					"@executable_path/Frameworks",
					"@loader_path/Frameworks",
				);
				PRODUCT_BUNDLE_IDENTIFIER = Practice.funcwithTupleTests;
				PRODUCT_NAME = "$(TARGET_NAME)";
				SWIFT_VERSION = 4.2;
				TARGETED_DEVICE_FAMILY = "1,2";
				TEST_HOST = "$(BUILT_PRODUCTS_DIR)/funcwithTuple.app/funcwithTuple";
			};
			name = Debug;
		};
		78562646237D7AAD00071220 /* Release */ = {
			isa = XCBuildConfiguration;
			buildSettings = {
				ALWAYS_EMBED_SWIFT_STANDARD_LIBRARIES = YES;
				BUNDLE_LOADER = "$(TEST_HOST)";
				CODE_SIGN_STYLE = Automatic;
				INFOPLIST_FILE = funcwithTupleTests/Info.plist;
				LD_RUNPATH_SEARCH_PATHS = (
					"$(inherited)",
					"@executable_path/Frameworks",
					"@loader_path/Frameworks",
				);
				PRODUCT_BUNDLE_IDENTIFIER = Practice.funcwithTupleTests;
				PRODUCT_NAME = "$(TARGET_NAME)";
				SWIFT_VERSION = 4.2;
				TARGETED_DEVICE_FAMILY = "1,2";
				TEST_HOST = "$(BUILT_PRODUCTS_DIR)/funcwithTuple.app/funcwithTuple";
			};
			name = Release;
		};
		78562648237D7AAD00071220 /* Debug */ = {
			isa = XCBuildConfiguration;
			buildSettings = {
				ALWAYS_EMBED_SWIFT_STANDARD_LIBRARIES = YES;
				CODE_SIGN_STYLE = Automatic;
				INFOPLIST_FILE = funcwithTupleUITests/Info.plist;
				LD_RUNPATH_SEARCH_PATHS = (
					"$(inherited)",
					"@executable_path/Frameworks",
					"@loader_path/Frameworks",
				);
				PRODUCT_BUNDLE_IDENTIFIER = Practice.funcwithTupleUITests;
				PRODUCT_NAME = "$(TARGET_NAME)";
				SWIFT_VERSION = 4.2;
				TARGETED_DEVICE_FAMILY = "1,2";
				TEST_TARGET_NAME = funcwithTuple;
			};
			name = Debug;
		};
		78562649237D7AAD00071220 /* Release */ = {
			isa = XCBuildConfiguration;
			buildSettings = {
				ALWAYS_EMBED_SWIFT_STANDARD_LIBRARIES = YES;
				CODE_SIGN_STYLE = Automatic;
				INFOPLIST_FILE = funcwithTupleUITests/Info.plist;
				LD_RUNPATH_SEARCH_PATHS = (
					"$(inherited)",
					"@executable_path/Frameworks",
					"@loader_path/Frameworks",
				);
				PRODUCT_BUNDLE_IDENTIFIER = Practice.funcwithTupleUITests;
				PRODUCT_NAME = "$(TARGET_NAME)";
				SWIFT_VERSION = 4.2;
				TARGETED_DEVICE_FAMILY = "1,2";
				TEST_TARGET_NAME = funcwithTuple;
			};
			name = Release;
		};
/* End XCBuildConfiguration section */

/* Begin XCConfigurationList section */
		78562614237D7AAA00071220 /* Build configuration list for PBXProject "funcwithTuple" */ = {
			isa = XCConfigurationList;
			buildConfigurations = (
				7856263F237D7AAD00071220 /* Debug */,
				78562640237D7AAD00071220 /* Release */,
			);
			defaultConfigurationIsVisible = 0;
			defaultConfigurationName = Release;
		};
		78562641237D7AAD00071220 /* Build configuration list for PBXNativeTarget "funcwithTuple" */ = {
			isa = XCConfigurationList;
			buildConfigurations = (
				78562642237D7AAD00071220 /* Debug */,
				78562643237D7AAD00071220 /* Release */,
			);
			defaultConfigurationIsVisible = 0;
			defaultConfigurationName = Release;
		};
		78562644237D7AAD00071220 /* Build configuration list for PBXNativeTarget "funcwithTupleTests" */ = {
			isa = XCConfigurationList;
			buildConfigurations = (
				78562645237D7AAD00071220 /* Debug */,
				78562646237D7AAD00071220 /* Release */,
			);
			defaultConfigurationIsVisible = 0;
			defaultConfigurationName = Release;
		};
		78562647237D7AAD00071220 /* Build configuration list for PBXNativeTarget "funcwithTupleUITests" */ = {
			isa = XCConfigurationList;
			buildConfigurations = (
				78562648237D7AAD00071220 /* Debug */,
				78562649237D7AAD00071220 /* Release */,
			);
			defaultConfigurationIsVisible = 0;
			defaultConfigurationName = Release;
		};
/* End XCConfigurationList section */
	};
	rootObject = 78562611237D7AAA00071220 /* Project object */;
}
